
Microsoft Visual Studio Solution File, Format Version 12.00
# Visual Studio Version 17
VisualStudioVersion = 17.5.33516.290
MinimumVisualStudioVersion = 10.0.40219.1
Project("{FAE04EC0-301F-11D3-BF4B-00C04F79EFBC}") = "LAB04_Nhom", "LAB04_Nhom\LAB04_Nhom.csproj", "{CF2EA8C7-7FA1-4168-AF0D-225A047BFEA9}"
EndProject
Global
	GlobalSection(SolutionConfigurationPlatforms) = preSolution
		Debug|Any CPU = Debug|Any CPU
		Release|Any CPU = Release|Any CPU
	EndGlobalSection
	GlobalSection(ProjectConfigurationPlatforms) = postSolution
		{CF2EA8C7-7FA1-4168-AF0D-225A047BFEA9}.Debug|Any CPU.ActiveCfg = Debug|Any CPU
		{CF2EA8C7-7FA1-4168-AF0D-225A047BFEA9}.Debug|Any CPU.Build.0 = Debug|Any CPU
		{CF2EA8C7-7FA1-4168-AF0D-225A047BFEA9}.Release|Any CPU.ActiveCfg = Release|Any CPU
		{CF2EA8C7-7FA1-4168-AF0D-225A047BFEA9}.Release|Any CPU.Build.0 = Release|Any CPU
	EndGlobalSection
	GlobalSection(SolutionProperties) = preSolution
		HideSolutionNode = FALSE
	EndGlobalSection
	GlobalSection(ExtensibilityGlobals) = postSolution
		SolutionGuid = {FF8FAB11-F7F8-45FF-ABAB-E5BF5FC8CF19}
	EndGlobalSection
EndGlobal
